
Microsoft Visual Studio Solution File, Format Version 12.00
# Visual Studio Version 17
VisualStudioVersion = 17.14.36408.4
MinimumVisualStudioVersion = 10.0.40219.1
Project("{FAE04EC0-301F-11D3-BF4B-00C04F79EFBC}") = "ParkWhereLib", "ParkWhereLib\ParkWhereLib.csproj", "{EE2D1831-F7C5-4142-83B2-2AD7AB19E919}"
EndProject
Project("{FAE04EC0-301F-11D3-BF4B-00C04F79EFBC}") = "ParkWhereRest", "ParkWhereRest\ParkWhereRest.csproj", "{18202C7E-EF1D-4FC3-81C1-C383DAE738CA}"
EndProject
Project("{FAE04EC0-301F-11D3-BF4B-00C04F79EFBC}") = "ParkWhereLibTests", "ParkWhereLibTests\ParkWhereLibTests.csproj", "{290D7F4A-9903-4A5C-99AD-14033C701FAB}"
EndProject
Project("{FAE04EC0-301F-11D3-BF4B-00C04F79EFBC}") = "ParkWhereRestTests", "ParkWhereRestTests\ParkWhereRestTests.csproj", "{F5762045-ECC4-4346-B111-71F5AB531A94}"
EndProject
Project("{FAE04EC0-301F-11D3-BF4B-00C04F79EFBC}") = "ParkWhereConsole", "ParkWhereConsole\ParkWhereConsole.csproj", "{BC097AD3-632A-41F8-BF6C-B61390D8D3E3}"
EndProject
Global
	GlobalSection(SolutionConfigurationPlatforms) = preSolution
		Debug|Any CPU = Debug|Any CPU
		Release|Any CPU = Release|Any CPU
	EndGlobalSection
	GlobalSection(ProjectConfigurationPlatforms) = postSolution
		{EE2D1831-F7C5-4142-83B2-2AD7AB19E919}.Debug|Any CPU.ActiveCfg = Debug|Any CPU
		{EE2D1831-F7C5-4142-83B2-2AD7AB19E919}.Debug|Any CPU.Build.0 = Debug|Any CPU
		{EE2D1831-F7C5-4142-83B2-2AD7AB19E919}.Release|Any CPU.ActiveCfg = Release|Any CPU
		{EE2D1831-F7C5-4142-83B2-2AD7AB19E919}.Release|Any CPU.Build.0 = Release|Any CPU
		{18202C7E-EF1D-4FC3-81C1-C383DAE738CA}.Debug|Any CPU.ActiveCfg = Debug|Any CPU
		{18202C7E-EF1D-4FC3-81C1-C383DAE738CA}.Debug|Any CPU.Build.0 = Debug|Any CPU
		{18202C7E-EF1D-4FC3-81C1-C383DAE738CA}.Release|Any CPU.ActiveCfg = Release|Any CPU
		{18202C7E-EF1D-4FC3-81C1-C383DAE738CA}.Release|Any CPU.Build.0 = Release|Any CPU
		{290D7F4A-9903-4A5C-99AD-14033C701FAB}.Debug|Any CPU.ActiveCfg = Debug|Any CPU
		{290D7F4A-9903-4A5C-99AD-14033C701FAB}.Debug|Any CPU.Build.0 = Debug|Any CPU
		{290D7F4A-9903-4A5C-99AD-14033C701FAB}.Release|Any CPU.ActiveCfg = Release|Any CPU
		{290D7F4A-9903-4A5C-99AD-14033C701FAB}.Release|Any CPU.Build.0 = Release|Any CPU
		{F5762045-ECC4-4346-B111-71F5AB531A94}.Debug|Any CPU.ActiveCfg = Debug|Any CPU
		{F5762045-ECC4-4346-B111-71F5AB531A94}.Debug|Any CPU.Build.0 = Debug|Any CPU
		{F5762045-ECC4-4346-B111-71F5AB531A94}.Release|Any CPU.ActiveCfg = Release|Any CPU
		{F5762045-ECC4-4346-B111-71F5AB531A94}.Release|Any CPU.Build.0 = Release|Any CPU
		{BC097AD3-632A-41F8-BF6C-B61390D8D3E3}.Debug|Any CPU.ActiveCfg = Debug|Any CPU
		{BC097AD3-632A-41F8-BF6C-B61390D8D3E3}.Debug|Any CPU.Build.0 = Debug|Any CPU
		{BC097AD3-632A-41F8-BF6C-B61390D8D3E3}.Release|Any CPU.ActiveCfg = Release|Any CPU
		{BC097AD3-632A-41F8-BF6C-B61390D8D3E3}.Release|Any CPU.Build.0 = Release|Any CPU
	EndGlobalSection
	GlobalSection(SolutionProperties) = preSolution
		HideSolutionNode = FALSE
	EndGlobalSection
	GlobalSection(ExtensibilityGlobals) = postSolution
		SolutionGuid = {A48816AF-0DA8-48B7-AFB4-C767A0160912}
	EndGlobalSection
EndGlobal
